
Microsoft Visual Studio Solution File, Format Version 12.00
# Visual Studio 15
VisualStudioVersion = 15.0.26430.14
MinimumVisualStudioVersion = 10.0.40219.1
Project("{FAE04EC0-301F-11D3-BF4B-00C04F79EFBC}") = "Adelaide", "Adelaide\Adelaide.csproj", "{6F2BB47E-3D05-49BD-A5BD-8897F8E2EB9A}"
EndProject
Global
	GlobalSection(SolutionConfigurationPlatforms) = preSolution
		Debug|Any CPU = Debug|Any CPU
		Release|Any CPU = Release|Any CPU
	EndGlobalSection
	GlobalSection(ProjectConfigurationPlatforms) = postSolution
		{6F2BB47E-3D05-49BD-A5BD-8897F8E2EB9A}.Debug|Any CPU.ActiveCfg = Debug|Any CPU
		{6F2BB47E-3D05-49BD-A5BD-8897F8E2EB9A}.Debug|Any CPU.Build.0 = Debug|Any CPU
		{6F2BB47E-3D05-49BD-A5BD-8897F8E2EB9A}.Release|Any CPU.ActiveCfg = Release|Any CPU
		{6F2BB47E-3D05-49BD-A5BD-8897F8E2EB9A}.Release|Any CPU.Build.0 = Release|Any CPU
	EndGlobalSection
	GlobalSection(SolutionProperties) = preSolution
		HideSolutionNode = FALSE
	EndGlobalSection
EndGlobal
